
Microsoft Visual Studio Solution File, Format Version 12.00
# Visual Studio Version 17
VisualStudioVersion = 17.4.33403.182
MinimumVisualStudioVersion = 10.0.40219.1
Project("{FAE04EC0-301F-11D3-BF4B-00C04F79EFBC}") = "mathragnarok", "mathragnarok\mathragnarok.csproj", "{F0B839D1-D9B5-4758-9E8A-9BB32199DD25}"
EndProject
Global
	GlobalSection(SolutionConfigurationPlatforms) = preSolution
		Debug|Any CPU = Debug|Any CPU
		Release|Any CPU = Release|Any CPU
	EndGlobalSection
	GlobalSection(ProjectConfigurationPlatforms) = postSolution
		{F0B839D1-D9B5-4758-9E8A-9BB32199DD25}.Debug|Any CPU.ActiveCfg = Debug|Any CPU
		{F0B839D1-D9B5-4758-9E8A-9BB32199DD25}.Debug|Any CPU.Build.0 = Debug|Any CPU
		{F0B839D1-D9B5-4758-9E8A-9BB32199DD25}.Release|Any CPU.ActiveCfg = Release|Any CPU
		{F0B839D1-D9B5-4758-9E8A-9BB32199DD25}.Release|Any CPU.Build.0 = Release|Any CPU
	EndGlobalSection
	GlobalSection(SolutionProperties) = preSolution
		HideSolutionNode = FALSE
	EndGlobalSection
	GlobalSection(ExtensibilityGlobals) = postSolution
		SolutionGuid = {FAF90CAA-5D22-4B8F-A549-501CAECBE2C3}
	EndGlobalSection
EndGlobal
